// !$*UTF8*$!
{
	archiveVersion = 1;
	classes = {
	};
	objectVersion = 56;
	objects = {

/* Begin PBXBuildFile section */
		DD3CBAFF2ABA67EE0076D058 /* Sidebar.swift in Sources */ = {isa = PBXBuildFile; fileRef = DD3CBAFE2ABA67EE0076D058 /* Sidebar.swift */; };
		DD5E0FC72ABFF40F00836326 /* ShapeView.swift in Sources */ = {isa = PBXBuildFile; fileRef = DD5E0FC62ABFF40F00836326 /* ShapeView.swift */; };
		DD5E0FC92AC0209200836326 /* MaterialView.swift in Sources */ = {isa = PBXBuildFile; fileRef = DD5E0FC82AC0209200836326 /* MaterialView.swift */; };
		DD729C032AB836FB00D8F6F2 /* SignedApp.swift in Sources */ = {isa = PBXBuildFile; fileRef = DD729C022AB836FB00D8F6F2 /* SignedApp.swift */; };
		DD729C052AB836FB00D8F6F2 /* Persistence.swift in Sources */ = {isa = PBXBuildFile; fileRef = DD729C042AB836FB00D8F6F2 /* Persistence.swift */; };
		DD729C082AB836FB00D8F6F2 /* Signed.xcdatamodeld in Sources */ = {isa = PBXBuildFile; fileRef = DD729C062AB836FB00D8F6F2 /* Signed.xcdatamodeld */; };
		DD729C0A2AB836FB00D8F6F2 /* ContentView.swift in Sources */ = {isa = PBXBuildFile; fileRef = DD729C092AB836FB00D8F6F2 /* ContentView.swift */; };
		DD729C0C2AB836FC00D8F6F2 /* Assets.xcassets in Resources */ = {isa = PBXBuildFile; fileRef = DD729C0B2AB836FC00D8F6F2 /* Assets.xcassets */; };
		DD729C102AB836FC00D8F6F2 /* Preview Assets.xcassets in Resources */ = {isa = PBXBuildFile; fileRef = DD729C0F2AB836FC00D8F6F2 /* Preview Assets.xcassets */; };
		DD729C192AB83A9400D8F6F2 /* RenderView.swift in Sources */ = {isa = PBXBuildFile; fileRef = DD729C182AB83A9400D8F6F2 /* RenderView.swift */; };
		DD729C1C2AB83BF300D8F6F2 /* Model.swift in Sources */ = {isa = PBXBuildFile; fileRef = DD729C1B2AB83BF300D8F6F2 /* Model.swift */; };
		DD729C1F2AB83E7200D8F6F2 /* Drawables.metal in Sources */ = {isa = PBXBuildFile; fileRef = DD729C1E2AB83E7200D8F6F2 /* Drawables.metal */; };
		DD729C212AB83E7B00D8F6F2 /* Drawables.swift in Sources */ = {isa = PBXBuildFile; fileRef = DD729C202AB83E7B00D8F6F2 /* Drawables.swift */; };
		DD729C242AB83F1C00D8F6F2 /* Misc.swift in Sources */ = {isa = PBXBuildFile; fileRef = DD729C232AB83F1C00D8F6F2 /* Misc.swift */; };
		DD729C262AB83F8B00D8F6F2 /* Math.swift in Sources */ = {isa = PBXBuildFile; fileRef = DD729C252AB83F8B00D8F6F2 /* Math.swift */; };
		DD729C292AB8630800D8F6F2 /* Modeler.metal in Sources */ = {isa = PBXBuildFile; fileRef = DD729C282AB8630800D8F6F2 /* Modeler.metal */; };
		DD729C2B2AB8633600D8F6F2 /* ModelerPipeline.swift in Sources */ = {isa = PBXBuildFile; fileRef = DD729C2A2AB8633600D8F6F2 /* ModelerPipeline.swift */; };
		DD729C2D2AB8636C00D8F6F2 /* ModelerStates.swift in Sources */ = {isa = PBXBuildFile; fileRef = DD729C2C2AB8636C00D8F6F2 /* ModelerStates.swift */; };
		DD729C302AB863DC00D8F6F2 /* Render.metal in Sources */ = {isa = PBXBuildFile; fileRef = DD729C2F2AB863DC00D8F6F2 /* Render.metal */; };
		DD729C322AB8640800D8F6F2 /* RenderPipeline.swift in Sources */ = {isa = PBXBuildFile; fileRef = DD729C312AB8640800D8F6F2 /* RenderPipeline.swift */; };
		DD729C342AB8642300D8F6F2 /* RenderStates.swift in Sources */ = {isa = PBXBuildFile; fileRef = DD729C332AB8642300D8F6F2 /* RenderStates.swift */; };
		DD729C362AB8644500D8F6F2 /* SignedCommand.swift in Sources */ = {isa = PBXBuildFile; fileRef = DD729C352AB8644500D8F6F2 /* SignedCommand.swift */; };
		DD729C382AB8648A00D8F6F2 /* SignedMaterial.swift in Sources */ = {isa = PBXBuildFile; fileRef = DD729C372AB8648A00D8F6F2 /* SignedMaterial.swift */; };
		DD729C3A2AB864B300D8F6F2 /* SignedData.swift in Sources */ = {isa = PBXBuildFile; fileRef = DD729C392AB864B300D8F6F2 /* SignedData.swift */; };
		DD729C3C2AB864E400D8F6F2 /* SignedCameras.swift in Sources */ = {isa = PBXBuildFile; fileRef = DD729C3B2AB864E400D8F6F2 /* SignedCameras.swift */; };
		DD729C3E2AB866EE00D8F6F2 /* SignedProject.swift in Sources */ = {isa = PBXBuildFile; fileRef = DD729C3D2AB866EE00D8F6F2 /* SignedProject.swift */; };
		DD729C402AB8672800D8F6F2 /* SignedObject.swift in Sources */ = {isa = PBXBuildFile; fileRef = DD729C3F2AB8672800D8F6F2 /* SignedObject.swift */; };
		DD729C422AB87E8E00D8F6F2 /* Readme.md in Resources */ = {isa = PBXBuildFile; fileRef = DD729C412AB87E8E00D8F6F2 /* Readme.md */; };
		DD729C442AB8862500D8F6F2 /* PreviewView.swift in Sources */ = {isa = PBXBuildFile; fileRef = DD729C432AB8862500D8F6F2 /* PreviewView.swift */; };
		DD729C462AB9467E00D8F6F2 /* Command.swift in Sources */ = {isa = PBXBuildFile; fileRef = DD729C452AB9467E00D8F6F2 /* Command.swift */; };
/* End PBXBuildFile section */

/* Begin PBXFileReference section */
		DD3CBAFE2ABA67EE0076D058 /* Sidebar.swift */ = {isa = PBXFileReference; lastKnownFileType = sourcecode.swift; path = Sidebar.swift; sourceTree = "<group>"; };
		DD5E0FC62ABFF40F00836326 /* ShapeView.swift */ = {isa = PBXFileReference; lastKnownFileType = sourcecode.swift; path = ShapeView.swift; sourceTree = "<group>"; };
		DD5E0FC82AC0209200836326 /* MaterialView.swift */ = {isa = PBXFileReference; lastKnownFileType = sourcecode.swift; path = MaterialView.swift; sourceTree = "<group>"; };
		DD729BFF2AB836FB00D8F6F2 /* Signed.app */ = {isa = PBXFileReference; explicitFileType = wrapper.application; includeInIndex = 0; path = Signed.app; sourceTree = BUILT_PRODUCTS_DIR; };
		DD729C022AB836FB00D8F6F2 /* SignedApp.swift */ = {isa = PBXFileReference; lastKnownFileType = sourcecode.swift; path = SignedApp.swift; sourceTree = "<group>"; };
		DD729C042AB836FB00D8F6F2 /* Persistence.swift */ = {isa = PBXFileReference; lastKnownFileType = sourcecode.swift; path = Persistence.swift; sourceTree = "<group>"; };
		DD729C072AB836FB00D8F6F2 /* Signed.xcdatamodel */ = {isa = PBXFileReference; lastKnownFileType = wrapper.xcdatamodel; path = Signed.xcdatamodel; sourceTree = "<group>"; };
		DD729C092AB836FB00D8F6F2 /* ContentView.swift */ = {isa = PBXFileReference; lastKnownFileType = sourcecode.swift; path = ContentView.swift; sourceTree = "<group>"; };
		DD729C0B2AB836FC00D8F6F2 /* Assets.xcassets */ = {isa = PBXFileReference; lastKnownFileType = folder.assetcatalog; path = Assets.xcassets; sourceTree = "<group>"; };
		DD729C0D2AB836FC00D8F6F2 /* Signed.entitlements */ = {isa = PBXFileReference; lastKnownFileType = text.plist.entitlements; path = Signed.entitlements; sourceTree = "<group>"; };
		DD729C0F2AB836FC00D8F6F2 /* Preview Assets.xcassets */ = {isa = PBXFileReference; lastKnownFileType = folder.assetcatalog; path = "Preview Assets.xcassets"; sourceTree = "<group>"; };
		DD729C162AB8374E00D8F6F2 /* Info.plist */ = {isa = PBXFileReference; lastKnownFileType = text.plist; path = Info.plist; sourceTree = "<group>"; };
		DD729C182AB83A9400D8F6F2 /* RenderView.swift */ = {isa = PBXFileReference; lastKnownFileType = sourcecode.swift; path = RenderView.swift; sourceTree = "<group>"; };
		DD729C1B2AB83BF300D8F6F2 /* Model.swift */ = {isa = PBXFileReference; lastKnownFileType = sourcecode.swift; path = Model.swift; sourceTree = "<group>"; };
		DD729C1E2AB83E7200D8F6F2 /* Drawables.metal */ = {isa = PBXFileReference; lastKnownFileType = sourcecode.metal; path = Drawables.metal; sourceTree = "<group>"; };
		DD729C202AB83E7B00D8F6F2 /* Drawables.swift */ = {isa = PBXFileReference; lastKnownFileType = sourcecode.swift; path = Drawables.swift; sourceTree = "<group>"; };
		DD729C222AB83EAE00D8F6F2 /* Bridge.h */ = {isa = PBXFileReference; lastKnownFileType = sourcecode.c.h; path = Bridge.h; sourceTree = "<group>"; };
		DD729C232AB83F1C00D8F6F2 /* Misc.swift */ = {isa = PBXFileReference; lastKnownFileType = sourcecode.swift; path = Misc.swift; sourceTree = "<group>"; };
		DD729C252AB83F8B00D8F6F2 /* Math.swift */ = {isa = PBXFileReference; lastKnownFileType = sourcecode.swift; path = Math.swift; sourceTree = "<group>"; };
		DD729C282AB8630800D8F6F2 /* Modeler.metal */ = {isa = PBXFileReference; lastKnownFileType = sourcecode.metal; path = Modeler.metal; sourceTree = "<group>"; };
		DD729C2A2AB8633600D8F6F2 /* ModelerPipeline.swift */ = {isa = PBXFileReference; lastKnownFileType = sourcecode.swift; path = ModelerPipeline.swift; sourceTree = "<group>"; };
		DD729C2C2AB8636C00D8F6F2 /* ModelerStates.swift */ = {isa = PBXFileReference; lastKnownFileType = sourcecode.swift; path = ModelerStates.swift; sourceTree = "<group>"; };
		DD729C2F2AB863DC00D8F6F2 /* Render.metal */ = {isa = PBXFileReference; lastKnownFileType = sourcecode.metal; path = Render.metal; sourceTree = "<group>"; };
		DD729C312AB8640800D8F6F2 /* RenderPipeline.swift */ = {isa = PBXFileReference; lastKnownFileType = sourcecode.swift; path = RenderPipeline.swift; sourceTree = "<group>"; };
		DD729C332AB8642300D8F6F2 /* RenderStates.swift */ = {isa = PBXFileReference; lastKnownFileType = sourcecode.swift; path = RenderStates.swift; sourceTree = "<group>"; };
		DD729C352AB8644500D8F6F2 /* SignedCommand.swift */ = {isa = PBXFileReference; lastKnownFileType = sourcecode.swift; path = SignedCommand.swift; sourceTree = "<group>"; };
		DD729C372AB8648A00D8F6F2 /* SignedMaterial.swift */ = {isa = PBXFileReference; lastKnownFileType = sourcecode.swift; path = SignedMaterial.swift; sourceTree = "<group>"; };
		DD729C392AB864B300D8F6F2 /* SignedData.swift */ = {isa = PBXFileReference; lastKnownFileType = sourcecode.swift; path = SignedData.swift; sourceTree = "<group>"; };
		DD729C3B2AB864E400D8F6F2 /* SignedCameras.swift */ = {isa = PBXFileReference; lastKnownFileType = sourcecode.swift; path = SignedCameras.swift; sourceTree = "<group>"; };
		DD729C3D2AB866EE00D8F6F2 /* SignedProject.swift */ = {isa = PBXFileReference; lastKnownFileType = sourcecode.swift; path = SignedProject.swift; sourceTree = "<group>"; };
		DD729C3F2AB8672800D8F6F2 /* SignedObject.swift */ = {isa = PBXFileReference; lastKnownFileType = sourcecode.swift; path = SignedObject.swift; sourceTree = "<group>"; };
		DD729C412AB87E8E00D8F6F2 /* Readme.md */ = {isa = PBXFileReference; fileEncoding = 4; lastKnownFileType = net.daringfireball.markdown; path = Readme.md; sourceTree = "<group>"; };
		DD729C432AB8862500D8F6F2 /* PreviewView.swift */ = {isa = PBXFileReference; lastKnownFileType = sourcecode.swift; path = PreviewView.swift; sourceTree = "<group>"; };
		DD729C452AB9467E00D8F6F2 /* Command.swift */ = {isa = PBXFileReference; lastKnownFileType = sourcecode.swift; path = Command.swift; sourceTree = "<group>"; };
/* End PBXFileReference section */

/* Begin PBXFrameworksBuildPhase section */
		DD729BFC2AB836FB00D8F6F2 /* Frameworks */ = {
			isa = PBXFrameworksBuildPhase;
			buildActionMask = 2147483647;
			files = (
			);
			runOnlyForDeploymentPostprocessing = 0;
		};
/* End PBXFrameworksBuildPhase section */

/* Begin PBXGroup section */
		DD729BF62AB836FB00D8F6F2 = {
			isa = PBXGroup;
			children = (
				DD729C412AB87E8E00D8F6F2 /* Readme.md */,
				DD729C012AB836FB00D8F6F2 /* Signed */,
				DD729C002AB836FB00D8F6F2 /* Products */,
			);
			sourceTree = "<group>";
		};
		DD729C002AB836FB00D8F6F2 /* Products */ = {
			isa = PBXGroup;
			children = (
				DD729BFF2AB836FB00D8F6F2 /* Signed.app */,
			);
			name = Products;
			sourceTree = "<group>";
		};
		DD729C012AB836FB00D8F6F2 /* Signed */ = {
			isa = PBXGroup;
			children = (
				DD729C162AB8374E00D8F6F2 /* Info.plist */,
				DD729C022AB836FB00D8F6F2 /* SignedApp.swift */,
				DD729C042AB836FB00D8F6F2 /* Persistence.swift */,
				DD729C092AB836FB00D8F6F2 /* ContentView.swift */,
				DD729C172AB83A8000D8F6F2 /* Views */,
				DD729C1A2AB83BCF00D8F6F2 /* Model */,
				DD729C2E2AB8638000D8F6F2 /* RenderPipeline */,
				DD729C272AB862DE00D8F6F2 /* ModelerPipeline */,
				DD729C1D2AB83E5600D8F6F2 /* Drawables */,
				DD729C222AB83EAE00D8F6F2 /* Bridge.h */,
				DD729C0B2AB836FC00D8F6F2 /* Assets.xcassets */,
				DD729C0D2AB836FC00D8F6F2 /* Signed.entitlements */,
				DD729C062AB836FB00D8F6F2 /* Signed.xcdatamodeld */,
				DD729C0E2AB836FC00D8F6F2 /* Preview Content */,
			);
			path = Signed;
			sourceTree = "<group>";
		};
		DD729C0E2AB836FC00D8F6F2 /* Preview Content */ = {
			isa = PBXGroup;
			children = (
				DD729C0F2AB836FC00D8F6F2 /* Preview Assets.xcassets */,
			);
			path = "Preview Content";
			sourceTree = "<group>";
		};
		DD729C172AB83A8000D8F6F2 /* Views */ = {
			isa = PBXGroup;
			children = (
				DD729C182AB83A9400D8F6F2 /* RenderView.swift */,
				DD729C432AB8862500D8F6F2 /* PreviewView.swift */,
				DD5E0FC82AC0209200836326 /* MaterialView.swift */,
				DD5E0FC62ABFF40F00836326 /* ShapeView.swift */,
				DD3CBAFE2ABA67EE0076D058 /* Sidebar.swift */,
			);
			path = Views;
			sourceTree = "<group>";
		};
		DD729C1A2AB83BCF00D8F6F2 /* Model */ = {
			isa = PBXGroup;
			children = (
				DD729C392AB864B300D8F6F2 /* SignedData.swift */,
				DD729C352AB8644500D8F6F2 /* SignedCommand.swift */,
				DD729C3B2AB864E400D8F6F2 /* SignedCameras.swift */,
				DD729C372AB8648A00D8F6F2 /* SignedMaterial.swift */,
				DD729C3D2AB866EE00D8F6F2 /* SignedProject.swift */,
				DD729C3F2AB8672800D8F6F2 /* SignedObject.swift */,
				DD729C452AB9467E00D8F6F2 /* Command.swift */,
				DD729C1B2AB83BF300D8F6F2 /* Model.swift */,
			);
			path = Model;
			sourceTree = "<group>";
		};
		DD729C1D2AB83E5600D8F6F2 /* Drawables */ = {
			isa = PBXGroup;
			children = (
				DD729C1E2AB83E7200D8F6F2 /* Drawables.metal */,
				DD729C202AB83E7B00D8F6F2 /* Drawables.swift */,
				DD729C232AB83F1C00D8F6F2 /* Misc.swift */,
				DD729C252AB83F8B00D8F6F2 /* Math.swift */,
			);
			path = Drawables;
			sourceTree = "<group>";
		};
		DD729C272AB862DE00D8F6F2 /* ModelerPipeline */ = {
			isa = PBXGroup;
			children = (
				DD729C282AB8630800D8F6F2 /* Modeler.metal */,
				DD729C2A2AB8633600D8F6F2 /* ModelerPipeline.swift */,
				DD729C2C2AB8636C00D8F6F2 /* ModelerStates.swift */,
			);
			path = ModelerPipeline;
			sourceTree = "<group>";
		};
		DD729C2E2AB8638000D8F6F2 /* RenderPipeline */ = {
			isa = PBXGroup;
			children = (
				DD729C2F2AB863DC00D8F6F2 /* Render.metal */,
				DD729C312AB8640800D8F6F2 /* RenderPipeline.swift */,
				DD729C332AB8642300D8F6F2 /* RenderStates.swift */,
			);
			path = RenderPipeline;
			sourceTree = "<group>";
		};
/* End PBXGroup section */

/* Begin PBXNativeTarget section */
		DD729BFE2AB836FB00D8F6F2 /* Signed */ = {
			isa = PBXNativeTarget;
			buildConfigurationList = DD729C132AB836FC00D8F6F2 /* Build configuration list for PBXNativeTarget "Signed" */;
			buildPhases = (
				DD729BFB2AB836FB00D8F6F2 /* Sources */,
				DD729BFC2AB836FB00D8F6F2 /* Frameworks */,
				DD729BFD2AB836FB00D8F6F2 /* Resources */,
			);
			buildRules = (
			);
			dependencies = (
			);
			name = Signed;
			productName = Signed;
			productReference = DD729BFF2AB836FB00D8F6F2 /* Signed.app */;
			productType = "com.apple.product-type.application";
		};
/* End PBXNativeTarget section */

/* Begin PBXProject section */
		DD729BF72AB836FB00D8F6F2 /* Project object */ = {
			isa = PBXProject;
			attributes = {
				BuildIndependentTargetsInParallel = 1;
				LastSwiftUpdateCheck = 1430;
				LastUpgradeCheck = 1500;
				TargetAttributes = {
					DD729BFE2AB836FB00D8F6F2 = {
						CreatedOnToolsVersion = 14.3.1;
					};
				};
			};
			buildConfigurationList = DD729BFA2AB836FB00D8F6F2 /* Build configuration list for PBXProject "Signed" */;
			compatibilityVersion = "Xcode 14.0";
			developmentRegion = en;
			hasScannedForEncodings = 0;
			knownRegions = (
				en,
				Base,
			);
			mainGroup = DD729BF62AB836FB00D8F6F2;
			productRefGroup = DD729C002AB836FB00D8F6F2 /* Products */;
			projectDirPath = "";
			projectRoot = "";
			targets = (
				DD729BFE2AB836FB00D8F6F2 /* Signed */,
			);
		};
/* End PBXProject section */

/* Begin PBXResourcesBuildPhase section */
		DD729BFD2AB836FB00D8F6F2 /* Resources */ = {
			isa = PBXResourcesBuildPhase;
			buildActionMask = 2147483647;
			files = (
				DD729C102AB836FC00D8F6F2 /* Preview Assets.xcassets in Resources */,
				DD729C0C2AB836FC00D8F6F2 /* Assets.xcassets in Resources */,
				DD729C422AB87E8E00D8F6F2 /* Readme.md in Resources */,
			);
			runOnlyForDeploymentPostprocessing = 0;
		};
/* End PBXResourcesBuildPhase section */

/* Begin PBXSourcesBuildPhase section */
		DD729BFB2AB836FB00D8F6F2 /* Sources */ = {
			isa = PBXSourcesBuildPhase;
			buildActionMask = 2147483647;
			files = (
				DD729C362AB8644500D8F6F2 /* SignedCommand.swift in Sources */,
				DD729C442AB8862500D8F6F2 /* PreviewView.swift in Sources */,
				DD729C032AB836FB00D8F6F2 /* SignedApp.swift in Sources */,
				DD5E0FC92AC0209200836326 /* MaterialView.swift in Sources */,
				DD729C402AB8672800D8F6F2 /* SignedObject.swift in Sources */,
				DD5E0FC72ABFF40F00836326 /* ShapeView.swift in Sources */,
				DD729C342AB8642300D8F6F2 /* RenderStates.swift in Sources */,
				DD729C052AB836FB00D8F6F2 /* Persistence.swift in Sources */,
				DD729C0A2AB836FB00D8F6F2 /* ContentView.swift in Sources */,
				DD729C3E2AB866EE00D8F6F2 /* SignedProject.swift in Sources */,
				DD729C322AB8640800D8F6F2 /* RenderPipeline.swift in Sources */,
				DD729C292AB8630800D8F6F2 /* Modeler.metal in Sources */,
				DD729C2D2AB8636C00D8F6F2 /* ModelerStates.swift in Sources */,
				DD729C3C2AB864E400D8F6F2 /* SignedCameras.swift in Sources */,
				DD729C302AB863DC00D8F6F2 /* Render.metal in Sources */,
				DD729C242AB83F1C00D8F6F2 /* Misc.swift in Sources */,
				DD729C382AB8648A00D8F6F2 /* SignedMaterial.swift in Sources */,
				DD3CBAFF2ABA67EE0076D058 /* Sidebar.swift in Sources */,
				DD729C3A2AB864B300D8F6F2 /* SignedData.swift in Sources */,
				DD729C1F2AB83E7200D8F6F2 /* Drawables.metal in Sources */,
				DD729C1C2AB83BF300D8F6F2 /* Model.swift in Sources */,
				DD729C192AB83A9400D8F6F2 /* RenderView.swift in Sources */,
				DD729C082AB836FB00D8F6F2 /* Signed.xcdatamodeld in Sources */,
				DD729C212AB83E7B00D8F6F2 /* Drawables.swift in Sources */,
				DD729C2B2AB8633600D8F6F2 /* ModelerPipeline.swift in Sources */,
				DD729C262AB83F8B00D8F6F2 /* Math.swift in Sources */,
				DD729C462AB9467E00D8F6F2 /* Command.swift in Sources */,
			);
			runOnlyForDeploymentPostprocessing = 0;
		};
/* End PBXSourcesBuildPhase section */

/* Begin XCBuildConfiguration section */
		DD729C112AB836FC00D8F6F2 /* Debug */ = {
			isa = XCBuildConfiguration;
			buildSettings = {
				ALWAYS_SEARCH_USER_PATHS = NO;
				CLANG_ANALYZER_NONNULL = YES;
				CLANG_ANALYZER_NUMBER_OBJECT_CONVERSION = YES_AGGRESSIVE;
				CLANG_CXX_LANGUAGE_STANDARD = "gnu++20";
				CLANG_ENABLE_MODULES = YES;
				CLANG_ENABLE_OBJC_ARC = YES;
				CLANG_ENABLE_OBJC_WEAK = YES;
				CLANG_WARN_BLOCK_CAPTURE_AUTORELEASING = YES;
				CLANG_WARN_BOOL_CONVERSION = YES;
				CLANG_WARN_COMMA = YES;
				CLANG_WARN_CONSTANT_CONVERSION = YES;
				CLANG_WARN_DEPRECATED_OBJC_IMPLEMENTATIONS = YES;
				CLANG_WARN_DIRECT_OBJC_ISA_USAGE = YES_ERROR;
				CLANG_WARN_DOCUMENTATION_COMMENTS = YES;
				CLANG_WARN_EMPTY_BODY = YES;
				CLANG_WARN_ENUM_CONVERSION = YES;
				CLANG_WARN_INFINITE_RECURSION = YES;
				CLANG_WARN_INT_CONVERSION = YES;
				CLANG_WARN_NON_LITERAL_NULL_CONVERSION = YES;
				CLANG_WARN_OBJC_IMPLICIT_RETAIN_SELF = YES;
				CLANG_WARN_OBJC_LITERAL_CONVERSION = YES;
				CLANG_WARN_OBJC_ROOT_CLASS = YES_ERROR;
				CLANG_WARN_QUOTED_INCLUDE_IN_FRAMEWORK_HEADER = YES;
				CLANG_WARN_RANGE_LOOP_ANALYSIS = YES;
				CLANG_WARN_STRICT_PROTOTYPES = YES;
				CLANG_WARN_SUSPICIOUS_MOVE = YES;
				CLANG_WARN_UNGUARDED_AVAILABILITY = YES_AGGRESSIVE;
				CLANG_WARN_UNREACHABLE_CODE = YES;
				CLANG_WARN__DUPLICATE_METHOD_MATCH = YES;
				COPY_PHASE_STRIP = NO;
				DEAD_CODE_STRIPPING = YES;
				DEBUG_INFORMATION_FORMAT = dwarf;
				ENABLE_STRICT_OBJC_MSGSEND = YES;
				ENABLE_TESTABILITY = YES;
				ENABLE_USER_SCRIPT_SANDBOXING = YES;
				GCC_C_LANGUAGE_STANDARD = gnu11;
				GCC_DYNAMIC_NO_PIC = NO;
				GCC_NO_COMMON_BLOCKS = YES;
				GCC_OPTIMIZATION_LEVEL = 0;
				GCC_PREPROCESSOR_DEFINITIONS = (
					"DEBUG=1",
					"$(inherited)",
				);
				GCC_WARN_64_TO_32_BIT_CONVERSION = YES;
				GCC_WARN_ABOUT_RETURN_TYPE = YES_ERROR;
				GCC_WARN_UNDECLARED_SELECTOR = YES;
				GCC_WARN_UNINITIALIZED_AUTOS = YES_AGGRESSIVE;
				GCC_WARN_UNUSED_FUNCTION = YES;
				GCC_WARN_UNUSED_VARIABLE = YES;
				MTL_ENABLE_DEBUG_INFO = INCLUDE_SOURCE;
				MTL_FAST_MATH = YES;
				ONLY_ACTIVE_ARCH = YES;
				SWIFT_ACTIVE_COMPILATION_CONDITIONS = DEBUG;
				SWIFT_OPTIMIZATION_LEVEL = "-Onone";
			};
			name = Debug;
		};
		DD729C122AB836FC00D8F6F2 /* Release */ = {
			isa = XCBuildConfiguration;
			buildSettings = {
				ALWAYS_SEARCH_USER_PATHS = NO;
				CLANG_ANALYZER_NONNULL = YES;
				CLANG_ANALYZER_NUMBER_OBJECT_CONVERSION = YES_AGGRESSIVE;
				CLANG_CXX_LANGUAGE_STANDARD = "gnu++20";
				CLANG_ENABLE_MODULES = YES;
				CLANG_ENABLE_OBJC_ARC = YES;
				CLANG_ENABLE_OBJC_WEAK = YES;
				CLANG_WARN_BLOCK_CAPTURE_AUTORELEASING = YES;
				CLANG_WARN_BOOL_CONVERSION = YES;
				CLANG_WARN_COMMA = YES;
				CLANG_WARN_CONSTANT_CONVERSION = YES;
				CLANG_WARN_DEPRECATED_OBJC_IMPLEMENTATIONS = YES;
				CLANG_WARN_DIRECT_OBJC_ISA_USAGE = YES_ERROR;
				CLANG_WARN_DOCUMENTATION_COMMENTS = YES;
				CLANG_WARN_EMPTY_BODY = YES;
				CLANG_WARN_ENUM_CONVERSION = YES;
				CLANG_WARN_INFINITE_RECURSION = YES;
				CLANG_WARN_INT_CONVERSION = YES;
				CLANG_WARN_NON_LITERAL_NULL_CONVERSION = YES;
				CLANG_WARN_OBJC_IMPLICIT_RETAIN_SELF = YES;
				CLANG_WARN_OBJC_LITERAL_CONVERSION = YES;
				CLANG_WARN_OBJC_ROOT_CLASS = YES_ERROR;
				CLANG_WARN_QUOTED_INCLUDE_IN_FRAMEWORK_HEADER = YES;
				CLANG_WARN_RANGE_LOOP_ANALYSIS = YES;
				CLANG_WARN_STRICT_PROTOTYPES = YES;
				CLANG_WARN_SUSPICIOUS_MOVE = YES;
				CLANG_WARN_UNGUARDED_AVAILABILITY = YES_AGGRESSIVE;
				CLANG_WARN_UNREACHABLE_CODE = YES;
				CLANG_WARN__DUPLICATE_METHOD_MATCH = YES;
				COPY_PHASE_STRIP = NO;
				DEAD_CODE_STRIPPING = YES;
				DEBUG_INFORMATION_FORMAT = "dwarf-with-dsym";
				ENABLE_NS_ASSERTIONS = NO;
				ENABLE_STRICT_OBJC_MSGSEND = YES;
				ENABLE_USER_SCRIPT_SANDBOXING = YES;
				GCC_C_LANGUAGE_STANDARD = gnu11;
				GCC_NO_COMMON_BLOCKS = YES;
				GCC_WARN_64_TO_32_BIT_CONVERSION = YES;
				GCC_WARN_ABOUT_RETURN_TYPE = YES_ERROR;
				GCC_WARN_UNDECLARED_SELECTOR = YES;
				GCC_WARN_UNINITIALIZED_AUTOS = YES_AGGRESSIVE;
				GCC_WARN_UNUSED_FUNCTION = YES;
				GCC_WARN_UNUSED_VARIABLE = YES;
				MTL_ENABLE_DEBUG_INFO = NO;
				MTL_FAST_MATH = YES;
				SWIFT_COMPILATION_MODE = wholemodule;
				SWIFT_OPTIMIZATION_LEVEL = "-O";
			};
			name = Release;
		};
		DD729C142AB836FC00D8F6F2 /* Debug */ = {
			isa = XCBuildConfiguration;
			buildSettings = {
				ASSETCATALOG_COMPILER_APPICON_NAME = AppIcon;
				ASSETCATALOG_COMPILER_GLOBAL_ACCENT_COLOR_NAME = AccentColor;
				CODE_SIGN_ENTITLEMENTS = Signed/Signed.entitlements;
				CODE_SIGN_STYLE = Automatic;
				CURRENT_PROJECT_VERSION = 1;
				DEAD_CODE_STRIPPING = YES;
				DEVELOPMENT_ASSET_PATHS = "\"Signed/Preview Content\"";
				DEVELOPMENT_TEAM = G6R6L3VH62;
				ENABLE_HARDENED_RUNTIME = YES;
				ENABLE_PREVIEWS = YES;
				GENERATE_INFOPLIST_FILE = YES;
				INFOPLIST_FILE = Signed/Info.plist;
				"INFOPLIST_KEY_UIApplicationSceneManifest_Generation[sdk=iphoneos*]" = YES;
				"INFOPLIST_KEY_UIApplicationSceneManifest_Generation[sdk=iphonesimulator*]" = YES;
				"INFOPLIST_KEY_UIApplicationSupportsIndirectInputEvents[sdk=iphoneos*]" = YES;
				"INFOPLIST_KEY_UIApplicationSupportsIndirectInputEvents[sdk=iphonesimulator*]" = YES;
				"INFOPLIST_KEY_UILaunchScreen_Generation[sdk=iphoneos*]" = YES;
				"INFOPLIST_KEY_UILaunchScreen_Generation[sdk=iphonesimulator*]" = YES;
				"INFOPLIST_KEY_UIStatusBarStyle[sdk=iphoneos*]" = UIStatusBarStyleDefault;
				"INFOPLIST_KEY_UIStatusBarStyle[sdk=iphonesimulator*]" = UIStatusBarStyleDefault;
				INFOPLIST_KEY_UISupportedInterfaceOrientations_iPad = "UIInterfaceOrientationPortrait UIInterfaceOrientationPortraitUpsideDown UIInterfaceOrientationLandscapeLeft UIInterfaceOrientationLandscapeRight";
				INFOPLIST_KEY_UISupportedInterfaceOrientations_iPhone = "UIInterfaceOrientationPortrait UIInterfaceOrientationLandscapeLeft UIInterfaceOrientationLandscapeRight";
				IPHONEOS_DEPLOYMENT_TARGET = 16.4;
				LD_RUNPATH_SEARCH_PATHS = "@executable_path/Frameworks";
				"LD_RUNPATH_SEARCH_PATHS[sdk=macosx*]" = "@executable_path/../Frameworks";
				MACOSX_DEPLOYMENT_TARGET = 13.3;
				MARKETING_VERSION = 1.0;
				PRODUCT_BUNDLE_IDENTIFIER = com.moenig.signed;
				PRODUCT_NAME = "$(TARGET_NAME)";
				SDKROOT = auto;
				SUPPORTED_PLATFORMS = "iphoneos iphonesimulator macosx";
				SWIFT_EMIT_LOC_STRINGS = YES;
				SWIFT_OBJC_BRIDGING_HEADER = Signed/Bridge.h;
				SWIFT_VERSION = 5.0;
				TARGETED_DEVICE_FAMILY = "1,2";
			};
			name = Debug;
		};
		DD729C152AB836FC00D8F6F2 /* Release */ = {
			isa = XCBuildConfiguration;
			buildSettings = {
				ASSETCATALOG_COMPILER_APPICON_NAME = AppIcon;
				ASSETCATALOG_COMPILER_GLOBAL_ACCENT_COLOR_NAME = AccentColor;
				CODE_SIGN_ENTITLEMENTS = Signed/Signed.entitlements;
				CODE_SIGN_STYLE = Automatic;
				CURRENT_PROJECT_VERSION = 1;
				DEAD_CODE_STRIPPING = YES;
				DEVELOPMENT_ASSET_PATHS = "\"Signed/Preview Content\"";
				DEVELOPMENT_TEAM = G6R6L3VH62;
				ENABLE_HARDENED_RUNTIME = YES;
				ENABLE_PREVIEWS = YES;
				GENERATE_INFOPLIST_FILE = YES;
				INFOPLIST_FILE = Signed/Info.plist;
				"INFOPLIST_KEY_UIApplicationSceneManifest_Generation[sdk=iphoneos*]" = YES;
				"INFOPLIST_KEY_UIApplicationSceneManifest_Generation[sdk=iphonesimulator*]" = YES;
				"INFOPLIST_KEY_UIApplicationSupportsIndirectInputEvents[sdk=iphoneos*]" = YES;
				"INFOPLIST_KEY_UIApplicationSupportsIndirectInputEvents[sdk=iphonesimulator*]" = YES;
				"INFOPLIST_KEY_UILaunchScreen_Generation[sdk=iphoneos*]" = YES;
				"INFOPLIST_KEY_UILaunchScreen_Generation[sdk=iphonesimulator*]" = YES;
				"INFOPLIST_KEY_UIStatusBarStyle[sdk=iphoneos*]" = UIStatusBarStyleDefault;
				"INFOPLIST_KEY_UIStatusBarStyle[sdk=iphonesimulator*]" = UIStatusBarStyleDefault;
				INFOPLIST_KEY_UISupportedInterfaceOrientations_iPad = "UIInterfaceOrientationPortrait UIInterfaceOrientationPortraitUpsideDown UIInterfaceOrientationLandscapeLeft UIInterfaceOrientationLandscapeRight";
				INFOPLIST_KEY_UISupportedInterfaceOrientations_iPhone = "UIInterfaceOrientationPortrait UIInterfaceOrientationLandscapeLeft UIInterfaceOrientationLandscapeRight";
				IPHONEOS_DEPLOYMENT_TARGET = 16.4;
				LD_RUNPATH_SEARCH_PATHS = "@executable_path/Frameworks";
				"LD_RUNPATH_SEARCH_PATHS[sdk=macosx*]" = "@executable_path/../Frameworks";
				MACOSX_DEPLOYMENT_TARGET = 13.3;
				MARKETING_VERSION = 1.0;
				PRODUCT_BUNDLE_IDENTIFIER = com.moenig.signed;
				PRODUCT_NAME = "$(TARGET_NAME)";
				SDKROOT = auto;
				SUPPORTED_PLATFORMS = "iphoneos iphonesimulator macosx";
				SWIFT_EMIT_LOC_STRINGS = YES;
				SWIFT_OBJC_BRIDGING_HEADER = Signed/Bridge.h;
				SWIFT_VERSION = 5.0;
				TARGETED_DEVICE_FAMILY = "1,2";
			};
			name = Release;
		};
/* End XCBuildConfiguration section */

/* Begin XCConfigurationList section */
		DD729BFA2AB836FB00D8F6F2 /* Build configuration list for PBXProject "Signed" */ = {
			isa = XCConfigurationList;
			buildConfigurations = (
				DD729C112AB836FC00D8F6F2 /* Debug */,
				DD729C122AB836FC00D8F6F2 /* Release */,
			);
			defaultConfigurationIsVisible = 0;
			defaultConfigurationName = Release;
		};
		DD729C132AB836FC00D8F6F2 /* Build configuration list for PBXNativeTarget "Signed" */ = {
			isa = XCConfigurationList;
			buildConfigurations = (
				DD729C142AB836FC00D8F6F2 /* Debug */,
				DD729C152AB836FC00D8F6F2 /* Release */,
			);
			defaultConfigurationIsVisible = 0;
			defaultConfigurationName = Release;
		};
/* End XCConfigurationList section */

/* Begin XCVersionGroup section */
		DD729C062AB836FB00D8F6F2 /* Signed.xcdatamodeld */ = {
			isa = XCVersionGroup;
			children = (
				DD729C072AB836FB00D8F6F2 /* Signed.xcdatamodel */,
			);
			currentVersion = DD729C072AB836FB00D8F6F2 /* Signed.xcdatamodel */;
			path = Signed.xcdatamodeld;
			sourceTree = "<group>";
			versionGroupType = wrapper.xcdatamodel;
		};
/* End XCVersionGroup section */
	};
	rootObject = DD729BF72AB836FB00D8F6F2 /* Project object */;
}
